
Microsoft Visual Studio Solution File, Format Version 12.00
# Visual Studio Version 17
VisualStudioVersion = 17.5.002.0
MinimumVisualStudioVersion = 10.0.40219.1
Project("{9A19103F-16F7-4668-BE54-9A1E7A4F7556}") = "19AI308-Object-Oriented-Programming-using-CSharp--Ex6---Recursive-Function", "19AI308-Object-Oriented-Programming-using-CSharp--Ex6---Recursive-Function.csproj", "{CC1C2787-B227-4DC7-8676-7EBDD630356B}"
EndProject
Global
	GlobalSection(SolutionConfigurationPlatforms) = preSolution
		Debug|Any CPU = Debug|Any CPU
		Release|Any CPU = Release|Any CPU
	EndGlobalSection
	GlobalSection(ProjectConfigurationPlatforms) = postSolution
		{CC1C2787-B227-4DC7-8676-7EBDD630356B}.Debug|Any CPU.ActiveCfg = Debug|Any CPU
		{CC1C2787-B227-4DC7-8676-7EBDD630356B}.Debug|Any CPU.Build.0 = Debug|Any CPU
		{CC1C2787-B227-4DC7-8676-7EBDD630356B}.Release|Any CPU.ActiveCfg = Release|Any CPU
		{CC1C2787-B227-4DC7-8676-7EBDD630356B}.Release|Any CPU.Build.0 = Release|Any CPU
	EndGlobalSection
	GlobalSection(SolutionProperties) = preSolution
		HideSolutionNode = FALSE
	EndGlobalSection
	GlobalSection(ExtensibilityGlobals) = postSolution
		SolutionGuid = {6990649B-EA51-437C-8DFA-E55F2616A57F}
	EndGlobalSection
EndGlobal
